
Microsoft Visual Studio Solution File, Format Version 12.00
# Visual Studio Version 16
VisualStudioVersion = 16.0.31019.35
MinimumVisualStudioVersion = 10.0.40219.1
Project("{9A19103F-16F7-4668-BE54-9A1E7A4F7556}") = "ConsoleApp1", "ConsoleApp1\ConsoleApp1.csproj", "{F8361E80-0289-484B-9E4E-EE08CB13468A}"
EndProject
Project("{9A19103F-16F7-4668-BE54-9A1E7A4F7556}") = "ConsoleApp2", "ConsoleApp2\ConsoleApp2.csproj", "{64EAAA07-24A5-4DCB-B07E-43A4D65F866B}"
EndProject
Project("{9A19103F-16F7-4668-BE54-9A1E7A4F7556}") = "ConsoleApp3", "ConsoleApp3\ConsoleApp3.csproj", "{8D9B515F-D8C1-431B-87FB-21ED35CEEB13}"
EndProject
Project("{9A19103F-16F7-4668-BE54-9A1E7A4F7556}") = "Library.cs", "Library.cs\Library.cs.csproj", "{FAADE3C7-77FE-4303-BA29-05DD7C08A744}"
EndProject
Project("{9A19103F-16F7-4668-BE54-9A1E7A4F7556}") = "ConsoleApp4", "ConsoleApp4\ConsoleApp4.csproj", "{BC6A2A28-0E3B-4C1C-8F66-E0037589E4D5}"
EndProject
Project("{9A19103F-16F7-4668-BE54-9A1E7A4F7556}") = "ConsoleApp5", "ConsoleApp5\ConsoleApp5.csproj", "{BB637868-4C90-4638-BABA-43371BAB5254}"
EndProject
Project("{9A19103F-16F7-4668-BE54-9A1E7A4F7556}") = "ConsoleApp6", "ConsoleApp6\ConsoleApp6.csproj", "{6F6042BD-D0DD-48CA-9F4E-5866B94F3B41}"
EndProject
Project("{9A19103F-16F7-4668-BE54-9A1E7A4F7556}") = "ConsoleApp7", "ConsoleApp7\ConsoleApp7.csproj", "{ADC3DEF7-A9F5-4E47-BE8E-3F96DE738C25}"
EndProject
Project("{9A19103F-16F7-4668-BE54-9A1E7A4F7556}") = "ConsoleApp8", "ConsoleApp8\ConsoleApp8.csproj", "{3C02CC99-9234-454F-A612-0276DF7F19D7}"
EndProject
Project("{9A19103F-16F7-4668-BE54-9A1E7A4F7556}") = "ConsoleApp9", "ConsoleApp9\ConsoleApp9.csproj", "{2ADB1DD2-FD10-4ABB-87C5-0966E0644A65}"
EndProject
Project("{9A19103F-16F7-4668-BE54-9A1E7A4F7556}") = "ConsoleApp10", "ConsoleApp10\ConsoleApp10.csproj", "{A6D89073-33B8-4572-896E-0CDD75DE2354}"
EndProject
Project("{9A19103F-16F7-4668-BE54-9A1E7A4F7556}") = "ConsoleApp11", "ConsoleApp11\ConsoleApp11.csproj", "{820B7FDA-E733-4204-95D7-23A1AF71C6D5}"
EndProject
Project("{9A19103F-16F7-4668-BE54-9A1E7A4F7556}") = "ConsoleApp12", "ConsoleApp12\ConsoleApp12.csproj", "{4400D2B4-C21E-4E99-B7F9-B3492C6DCC2A}"
EndProject
Project("{9A19103F-16F7-4668-BE54-9A1E7A4F7556}") = "ConsoleApp13", "ConsoleApp13\ConsoleApp13.csproj", "{18595153-EF6C-40C3-B626-71F498291A95}"
EndProject
Project("{9A19103F-16F7-4668-BE54-9A1E7A4F7556}") = "ConsoleApp14", "ConsoleApp14\ConsoleApp14.csproj", "{0BBD93B6-F4D0-4A0F-8BBE-7F12677190C8}"
EndProject
Project("{9A19103F-16F7-4668-BE54-9A1E7A4F7556}") = "ConsoleApp15", "ConsoleApp15\ConsoleApp15.csproj", "{B7B504F6-9CE0-46D8-8592-8E40C966FFCD}"
EndProject
Project("{9A19103F-16F7-4668-BE54-9A1E7A4F7556}") = "HaifaTest", "HaifaTest\HaifaTest.csproj", "{BCB7BAE5-C2E6-4BDB-A609-C1DA4C888468}"
EndProject
Project("{9A19103F-16F7-4668-BE54-9A1E7A4F7556}") = "Test1", "Test1\Test1.csproj", "{97EEDFBF-353E-4AC1-AD59-A99C46E5F01E}"
EndProject
Project("{9A19103F-16F7-4668-BE54-9A1E7A4F7556}") = "ZooProject", "ZooProject\ZooProject.csproj", "{7DFA09EB-4A50-43F2-96FE-E95AC1FE9C11}"
EndProject
Project("{9A19103F-16F7-4668-BE54-9A1E7A4F7556}") = "TestAvratech-Shimon-COHEN", "TestAvratech\TestAvratech-Shimon-COHEN.csproj", "{A1917D61-5055-41D6-A376-72CE6E035B6F}"
EndProject
Project("{9A19103F-16F7-4668-BE54-9A1E7A4F7556}") = "Fibonatti", "Fibonatti\Fibonatti.csproj", "{E90F9BA9-77CB-4ECE-9F7B-D71A39B1DD42}"
EndProject
Project("{9A19103F-16F7-4668-BE54-9A1E7A4F7556}") = "Delegate", "Delegate\Delegate.csproj", "{4A99B53F-406D-445D-8396-D910904D1D1B}"
EndProject
Project("{9A19103F-16F7-4668-BE54-9A1E7A4F7556}") = "DelegateEx1", "DelegateEx1\DelegateEx1.csproj", "{8AF68424-BC2E-4B73-805C-D32D2BE4AED4}"
EndProject
Project("{9A19103F-16F7-4668-BE54-9A1E7A4F7556}") = "DelegateEx2", "DelegateEx2\DelegateEx2.csproj", "{1AA4F536-1B9B-48D7-852F-2DC5BAC75BA7}"
EndProject
Project("{FAE04EC0-301F-11D3-BF4B-00C04F79EFBC}") = "ConsoleApp16", "ConsoleApp16\ConsoleApp16.csproj", "{7543CE67-2FE1-4227-8CC5-7AEF94E0CEC9}"
EndProject
Project("{FAE04EC0-301F-11D3-BF4B-00C04F79EFBC}") = "MyLinqEx", "MyLinqEx\MyLinqEx.csproj", "{763C66B4-5B84-4CCF-83D9-207729BAEE9B}"
EndProject
Global
	GlobalSection(SolutionConfigurationPlatforms) = preSolution
		Debug|Any CPU = Debug|Any CPU
		Release|Any CPU = Release|Any CPU
	EndGlobalSection
	GlobalSection(ProjectConfigurationPlatforms) = postSolution
		{F8361E80-0289-484B-9E4E-EE08CB13468A}.Debug|Any CPU.ActiveCfg = Debug|Any CPU
		{F8361E80-0289-484B-9E4E-EE08CB13468A}.Debug|Any CPU.Build.0 = Debug|Any CPU
		{F8361E80-0289-484B-9E4E-EE08CB13468A}.Release|Any CPU.ActiveCfg = Release|Any CPU
		{F8361E80-0289-484B-9E4E-EE08CB13468A}.Release|Any CPU.Build.0 = Release|Any CPU
		{64EAAA07-24A5-4DCB-B07E-43A4D65F866B}.Debug|Any CPU.ActiveCfg = Debug|Any CPU
		{64EAAA07-24A5-4DCB-B07E-43A4D65F866B}.Debug|Any CPU.Build.0 = Debug|Any CPU
		{64EAAA07-24A5-4DCB-B07E-43A4D65F866B}.Release|Any CPU.ActiveCfg = Release|Any CPU
		{64EAAA07-24A5-4DCB-B07E-43A4D65F866B}.Release|Any CPU.Build.0 = Release|Any CPU
		{8D9B515F-D8C1-431B-87FB-21ED35CEEB13}.Debug|Any CPU.ActiveCfg = Debug|Any CPU
		{8D9B515F-D8C1-431B-87FB-21ED35CEEB13}.Debug|Any CPU.Build.0 = Debug|Any CPU
		{8D9B515F-D8C1-431B-87FB-21ED35CEEB13}.Release|Any CPU.ActiveCfg = Release|Any CPU
		{8D9B515F-D8C1-431B-87FB-21ED35CEEB13}.Release|Any CPU.Build.0 = Release|Any CPU
		{FAADE3C7-77FE-4303-BA29-05DD7C08A744}.Debug|Any CPU.ActiveCfg = Debug|Any CPU
		{FAADE3C7-77FE-4303-BA29-05DD7C08A744}.Debug|Any CPU.Build.0 = Debug|Any CPU
		{FAADE3C7-77FE-4303-BA29-05DD7C08A744}.Release|Any CPU.ActiveCfg = Release|Any CPU
		{FAADE3C7-77FE-4303-BA29-05DD7C08A744}.Release|Any CPU.Build.0 = Release|Any CPU
		{BC6A2A28-0E3B-4C1C-8F66-E0037589E4D5}.Debug|Any CPU.ActiveCfg = Debug|Any CPU
		{BC6A2A28-0E3B-4C1C-8F66-E0037589E4D5}.Debug|Any CPU.Build.0 = Debug|Any CPU
		{BC6A2A28-0E3B-4C1C-8F66-E0037589E4D5}.Release|Any CPU.ActiveCfg = Release|Any CPU
		{BC6A2A28-0E3B-4C1C-8F66-E0037589E4D5}.Release|Any CPU.Build.0 = Release|Any CPU
		{BB637868-4C90-4638-BABA-43371BAB5254}.Debug|Any CPU.ActiveCfg = Debug|Any CPU
		{BB637868-4C90-4638-BABA-43371BAB5254}.Debug|Any CPU.Build.0 = Debug|Any CPU
		{BB637868-4C90-4638-BABA-43371BAB5254}.Release|Any CPU.ActiveCfg = Release|Any CPU
		{BB637868-4C90-4638-BABA-43371BAB5254}.Release|Any CPU.Build.0 = Release|Any CPU
		{6F6042BD-D0DD-48CA-9F4E-5866B94F3B41}.Debug|Any CPU.ActiveCfg = Debug|Any CPU
		{6F6042BD-D0DD-48CA-9F4E-5866B94F3B41}.Debug|Any CPU.Build.0 = Debug|Any CPU
		{6F6042BD-D0DD-48CA-9F4E-5866B94F3B41}.Release|Any CPU.ActiveCfg = Release|Any CPU
		{6F6042BD-D0DD-48CA-9F4E-5866B94F3B41}.Release|Any CPU.Build.0 = Release|Any CPU
		{ADC3DEF7-A9F5-4E47-BE8E-3F96DE738C25}.Debug|Any CPU.ActiveCfg = Debug|Any CPU
		{ADC3DEF7-A9F5-4E47-BE8E-3F96DE738C25}.Debug|Any CPU.Build.0 = Debug|Any CPU
		{ADC3DEF7-A9F5-4E47-BE8E-3F96DE738C25}.Release|Any CPU.ActiveCfg = Release|Any CPU
		{ADC3DEF7-A9F5-4E47-BE8E-3F96DE738C25}.Release|Any CPU.Build.0 = Release|Any CPU
		{3C02CC99-9234-454F-A612-0276DF7F19D7}.Debug|Any CPU.ActiveCfg = Debug|Any CPU
		{3C02CC99-9234-454F-A612-0276DF7F19D7}.Debug|Any CPU.Build.0 = Debug|Any CPU
		{3C02CC99-9234-454F-A612-0276DF7F19D7}.Release|Any CPU.ActiveCfg = Release|Any CPU
		{3C02CC99-9234-454F-A612-0276DF7F19D7}.Release|Any CPU.Build.0 = Release|Any CPU
		{2ADB1DD2-FD10-4ABB-87C5-0966E0644A65}.Debug|Any CPU.ActiveCfg = Debug|Any CPU
		{2ADB1DD2-FD10-4ABB-87C5-0966E0644A65}.Debug|Any CPU.Build.0 = Debug|Any CPU
		{2ADB1DD2-FD10-4ABB-87C5-0966E0644A65}.Release|Any CPU.ActiveCfg = Release|Any CPU
		{2ADB1DD2-FD10-4ABB-87C5-0966E0644A65}.Release|Any CPU.Build.0 = Release|Any CPU
		{A6D89073-33B8-4572-896E-0CDD75DE2354}.Debug|Any CPU.ActiveCfg = Debug|Any CPU
		{A6D89073-33B8-4572-896E-0CDD75DE2354}.Debug|Any CPU.Build.0 = Debug|Any CPU
		{A6D89073-33B8-4572-896E-0CDD75DE2354}.Release|Any CPU.ActiveCfg = Release|Any CPU
		{A6D89073-33B8-4572-896E-0CDD75DE2354}.Release|Any CPU.Build.0 = Release|Any CPU
		{820B7FDA-E733-4204-95D7-23A1AF71C6D5}.Debug|Any CPU.ActiveCfg = Debug|Any CPU
		{820B7FDA-E733-4204-95D7-23A1AF71C6D5}.Debug|Any CPU.Build.0 = Debug|Any CPU
		{820B7FDA-E733-4204-95D7-23A1AF71C6D5}.Release|Any CPU.ActiveCfg = Release|Any CPU
		{820B7FDA-E733-4204-95D7-23A1AF71C6D5}.Release|Any CPU.Build.0 = Release|Any CPU
		{4400D2B4-C21E-4E99-B7F9-B3492C6DCC2A}.Debug|Any CPU.ActiveCfg = Debug|Any CPU
		{4400D2B4-C21E-4E99-B7F9-B3492C6DCC2A}.Debug|Any CPU.Build.0 = Debug|Any CPU
		{4400D2B4-C21E-4E99-B7F9-B3492C6DCC2A}.Release|Any CPU.ActiveCfg = Release|Any CPU
		{4400D2B4-C21E-4E99-B7F9-B3492C6DCC2A}.Release|Any CPU.Build.0 = Release|Any CPU
		{18595153-EF6C-40C3-B626-71F498291A95}.Debug|Any CPU.ActiveCfg = Debug|Any CPU
		{18595153-EF6C-40C3-B626-71F498291A95}.Debug|Any CPU.Build.0 = Debug|Any CPU
		{18595153-EF6C-40C3-B626-71F498291A95}.Release|Any CPU.ActiveCfg = Release|Any CPU
		{18595153-EF6C-40C3-B626-71F498291A95}.Release|Any CPU.Build.0 = Release|Any CPU
		{0BBD93B6-F4D0-4A0F-8BBE-7F12677190C8}.Debug|Any CPU.ActiveCfg = Debug|Any CPU
		{0BBD93B6-F4D0-4A0F-8BBE-7F12677190C8}.Debug|Any CPU.Build.0 = Debug|Any CPU
		{0BBD93B6-F4D0-4A0F-8BBE-7F12677190C8}.Release|Any CPU.ActiveCfg = Release|Any CPU
		{0BBD93B6-F4D0-4A0F-8BBE-7F12677190C8}.Release|Any CPU.Build.0 = Release|Any CPU
		{B7B504F6-9CE0-46D8-8592-8E40C966FFCD}.Debug|Any CPU.ActiveCfg = Debug|Any CPU
		{B7B504F6-9CE0-46D8-8592-8E40C966FFCD}.Debug|Any CPU.Build.0 = Debug|Any CPU
		{B7B504F6-9CE0-46D8-8592-8E40C966FFCD}.Release|Any CPU.ActiveCfg = Release|Any CPU
		{B7B504F6-9CE0-46D8-8592-8E40C966FFCD}.Release|Any CPU.Build.0 = Release|Any CPU
		{BCB7BAE5-C2E6-4BDB-A609-C1DA4C888468}.Debug|Any CPU.ActiveCfg = Debug|Any CPU
		{BCB7BAE5-C2E6-4BDB-A609-C1DA4C888468}.Debug|Any CPU.Build.0 = Debug|Any CPU
		{BCB7BAE5-C2E6-4BDB-A609-C1DA4C888468}.Release|Any CPU.ActiveCfg = Release|Any CPU
		{BCB7BAE5-C2E6-4BDB-A609-C1DA4C888468}.Release|Any CPU.Build.0 = Release|Any CPU
		{97EEDFBF-353E-4AC1-AD59-A99C46E5F01E}.Debug|Any CPU.ActiveCfg = Debug|Any CPU
		{97EEDFBF-353E-4AC1-AD59-A99C46E5F01E}.Debug|Any CPU.Build.0 = Debug|Any CPU
		{97EEDFBF-353E-4AC1-AD59-A99C46E5F01E}.Release|Any CPU.ActiveCfg = Release|Any CPU
		{97EEDFBF-353E-4AC1-AD59-A99C46E5F01E}.Release|Any CPU.Build.0 = Release|Any CPU
		{7DFA09EB-4A50-43F2-96FE-E95AC1FE9C11}.Debug|Any CPU.ActiveCfg = Debug|Any CPU
		{7DFA09EB-4A50-43F2-96FE-E95AC1FE9C11}.Debug|Any CPU.Build.0 = Debug|Any CPU
		{7DFA09EB-4A50-43F2-96FE-E95AC1FE9C11}.Release|Any CPU.ActiveCfg = Release|Any CPU
		{7DFA09EB-4A50-43F2-96FE-E95AC1FE9C11}.Release|Any CPU.Build.0 = Release|Any CPU
		{A1917D61-5055-41D6-A376-72CE6E035B6F}.Debug|Any CPU.ActiveCfg = Debug|Any CPU
		{A1917D61-5055-41D6-A376-72CE6E035B6F}.Debug|Any CPU.Build.0 = Debug|Any CPU
		{A1917D61-5055-41D6-A376-72CE6E035B6F}.Release|Any CPU.ActiveCfg = Release|Any CPU
		{A1917D61-5055-41D6-A376-72CE6E035B6F}.Release|Any CPU.Build.0 = Release|Any CPU
		{E90F9BA9-77CB-4ECE-9F7B-D71A39B1DD42}.Debug|Any CPU.ActiveCfg = Debug|Any CPU
		{E90F9BA9-77CB-4ECE-9F7B-D71A39B1DD42}.Debug|Any CPU.Build.0 = Debug|Any CPU
		{E90F9BA9-77CB-4ECE-9F7B-D71A39B1DD42}.Release|Any CPU.ActiveCfg = Release|Any CPU
		{E90F9BA9-77CB-4ECE-9F7B-D71A39B1DD42}.Release|Any CPU.Build.0 = Release|Any CPU
		{4A99B53F-406D-445D-8396-D910904D1D1B}.Debug|Any CPU.ActiveCfg = Debug|Any CPU
		{4A99B53F-406D-445D-8396-D910904D1D1B}.Debug|Any CPU.Build.0 = Debug|Any CPU
		{4A99B53F-406D-445D-8396-D910904D1D1B}.Release|Any CPU.ActiveCfg = Release|Any CPU
		{4A99B53F-406D-445D-8396-D910904D1D1B}.Release|Any CPU.Build.0 = Release|Any CPU
		{8AF68424-BC2E-4B73-805C-D32D2BE4AED4}.Debug|Any CPU.ActiveCfg = Debug|Any CPU
		{8AF68424-BC2E-4B73-805C-D32D2BE4AED4}.Debug|Any CPU.Build.0 = Debug|Any CPU
		{8AF68424-BC2E-4B73-805C-D32D2BE4AED4}.Release|Any CPU.ActiveCfg = Release|Any CPU
		{8AF68424-BC2E-4B73-805C-D32D2BE4AED4}.Release|Any CPU.Build.0 = Release|Any CPU
		{1AA4F536-1B9B-48D7-852F-2DC5BAC75BA7}.Debug|Any CPU.ActiveCfg = Debug|Any CPU
		{1AA4F536-1B9B-48D7-852F-2DC5BAC75BA7}.Debug|Any CPU.Build.0 = Debug|Any CPU
		{1AA4F536-1B9B-48D7-852F-2DC5BAC75BA7}.Release|Any CPU.ActiveCfg = Release|Any CPU
		{1AA4F536-1B9B-48D7-852F-2DC5BAC75BA7}.Release|Any CPU.Build.0 = Release|Any CPU
		{7543CE67-2FE1-4227-8CC5-7AEF94E0CEC9}.Debug|Any CPU.ActiveCfg = Debug|Any CPU
		{7543CE67-2FE1-4227-8CC5-7AEF94E0CEC9}.Debug|Any CPU.Build.0 = Debug|Any CPU
		{7543CE67-2FE1-4227-8CC5-7AEF94E0CEC9}.Release|Any CPU.ActiveCfg = Release|Any CPU
		{7543CE67-2FE1-4227-8CC5-7AEF94E0CEC9}.Release|Any CPU.Build.0 = Release|Any CPU
		{763C66B4-5B84-4CCF-83D9-207729BAEE9B}.Debug|Any CPU.ActiveCfg = Debug|Any CPU
		{763C66B4-5B84-4CCF-83D9-207729BAEE9B}.Debug|Any CPU.Build.0 = Debug|Any CPU
		{763C66B4-5B84-4CCF-83D9-207729BAEE9B}.Release|Any CPU.ActiveCfg = Release|Any CPU
		{763C66B4-5B84-4CCF-83D9-207729BAEE9B}.Release|Any CPU.Build.0 = Release|Any CPU
	EndGlobalSection
	GlobalSection(SolutionProperties) = preSolution
		HideSolutionNode = FALSE
	EndGlobalSection
	GlobalSection(ExtensibilityGlobals) = postSolution
		SolutionGuid = {47F54044-84B3-42F2-A6A6-02BA8778BFB8}
	EndGlobalSection
EndGlobal
